
Microsoft Visual Studio Solution File, Format Version 12.00
# Visual Studio Version 17
VisualStudioVersion = 17.4.33205.214
MinimumVisualStudioVersion = 10.0.40219.1
Project("{9A19103F-16F7-4668-BE54-9A1E7A4F7556}") = "MyFrontEnd", "MyFrontEnd\MyFrontEnd.csproj", "{1ABD8AD1-426D-4FD7-9FF0-3B7A00A35D6A}"
EndProject
Project("{E53339B2-1760-4266-BCC7-CA923CBCF16C}") = "docker-compose", "docker-compose.dcproj", "{42F696C1-6CA2-49BF-941D-88C3448ACBA1}"
EndProject
Project("{2150E333-8FDC-42A3-9474-1A3956D46DE8}") = "Solution Items", "Solution Items", "{634276D4-A3CF-4DE3-AE46-09EB7331CF3D}"
EndProject
Project("{9A19103F-16F7-4668-BE54-9A1E7A4F7556}") = "BackEnd1", "BackEnd1\BackEnd1.csproj", "{56C639E2-424B-48E3-BE17-D5B54C821028}"
EndProject
Project("{9A19103F-16F7-4668-BE54-9A1E7A4F7556}") = "BackEnd2", "BackEnd2\BackEnd2.csproj", "{C5B38F11-892D-4778-B9B9-EE94A324B26B}"
EndProject
Global
	GlobalSection(SolutionConfigurationPlatforms) = preSolution
		Debug|Any CPU = Debug|Any CPU
		Release|Any CPU = Release|Any CPU
	EndGlobalSection
	GlobalSection(ProjectConfigurationPlatforms) = postSolution
		{1ABD8AD1-426D-4FD7-9FF0-3B7A00A35D6A}.Debug|Any CPU.ActiveCfg = Debug|Any CPU
		{1ABD8AD1-426D-4FD7-9FF0-3B7A00A35D6A}.Debug|Any CPU.Build.0 = Debug|Any CPU
		{1ABD8AD1-426D-4FD7-9FF0-3B7A00A35D6A}.Release|Any CPU.ActiveCfg = Release|Any CPU
		{1ABD8AD1-426D-4FD7-9FF0-3B7A00A35D6A}.Release|Any CPU.Build.0 = Release|Any CPU
		{42F696C1-6CA2-49BF-941D-88C3448ACBA1}.Debug|Any CPU.ActiveCfg = Debug|Any CPU
		{42F696C1-6CA2-49BF-941D-88C3448ACBA1}.Debug|Any CPU.Build.0 = Debug|Any CPU
		{42F696C1-6CA2-49BF-941D-88C3448ACBA1}.Release|Any CPU.ActiveCfg = Release|Any CPU
		{42F696C1-6CA2-49BF-941D-88C3448ACBA1}.Release|Any CPU.Build.0 = Release|Any CPU
		{56C639E2-424B-48E3-BE17-D5B54C821028}.Debug|Any CPU.ActiveCfg = Debug|Any CPU
		{56C639E2-424B-48E3-BE17-D5B54C821028}.Debug|Any CPU.Build.0 = Debug|Any CPU
		{56C639E2-424B-48E3-BE17-D5B54C821028}.Release|Any CPU.ActiveCfg = Release|Any CPU
		{56C639E2-424B-48E3-BE17-D5B54C821028}.Release|Any CPU.Build.0 = Release|Any CPU
		{C5B38F11-892D-4778-B9B9-EE94A324B26B}.Debug|Any CPU.ActiveCfg = Debug|Any CPU
		{C5B38F11-892D-4778-B9B9-EE94A324B26B}.Debug|Any CPU.Build.0 = Debug|Any CPU
		{C5B38F11-892D-4778-B9B9-EE94A324B26B}.Release|Any CPU.ActiveCfg = Release|Any CPU
		{C5B38F11-892D-4778-B9B9-EE94A324B26B}.Release|Any CPU.Build.0 = Release|Any CPU
	EndGlobalSection
	GlobalSection(SolutionProperties) = preSolution
		HideSolutionNode = FALSE
	EndGlobalSection
	GlobalSection(ExtensibilityGlobals) = postSolution
		SolutionGuid = {F64B02D6-FDC4-45B3-83AE-6B1DB1BA9868}
	EndGlobalSection
EndGlobal
